// !$*UTF8*$!
{
	archiveVersion = 1;
	classes = {
	};
	objectVersion = 46;
	objects = {

/* Begin PBXBuildFile section */
		2B5F223E1A2DC29300FD3A12 /* SDBannerAutoLayoutViewController.m in Sources */ = {isa = PBXBuildFile; fileRef = 2B5F223C1A2DC29300FD3A12 /* SDBannerAutoLayoutViewController.m */; };
		2B5F223F1A2DC29300FD3A12 /* SDBannerAutoLayoutViewController.xib in Resources */ = {isa = PBXBuildFile; fileRef = 2B5F223D1A2DC29300FD3A12 /* SDBannerAutoLayoutViewController.xib */; };
		2B76BC431A67BA760038CCEE /* LICENSE in Resources */ = {isa = PBXBuildFile; fileRef = 2B76BC191A67BA760038CCEE /* LICENSE */; };
		2B76BC441A67BA760038CCEE /* MPAdBrowserController.nib in Resources */ = {isa = PBXBuildFile; fileRef = 2B76BC1A1A67BA760038CCEE /* MPAdBrowserController.nib */; };
		2B76BC451A67BA760038CCEE /* MPCloseButtonX.png in Resources */ = {isa = PBXBuildFile; fileRef = 2B76BC1B1A67BA760038CCEE /* MPCloseButtonX.png */; };
		2B76BC461A67BA760038CCEE /* MPCloseButtonX@2x.png in Resources */ = {isa = PBXBuildFile; fileRef = 2B76BC1C1A67BA760038CCEE /* MPCloseButtonX@2x.png */; };
		2B76BC471A67BA760038CCEE /* MRAID.bundle in Resources */ = {isa = PBXBuildFile; fileRef = 2B76BC1D1A67BA760038CCEE /* MRAID.bundle */; };
		2B76BC481A67BA760038CCEE /* README.md in Sources */ = {isa = PBXBuildFile; fileRef = 2B76BC1E1A67BA760038CCEE /* README.md */; };
		2B76BC491A67BA760038CCEE /* README.txt in Resources */ = {isa = PBXBuildFile; fileRef = 2B76BC1F1A67BA760038CCEE /* README.txt */; };
		2B76BC4A1A67BA760038CCEE /* SLButtonPattern.png in Resources */ = {isa = PBXBuildFile; fileRef = 2B76BC201A67BA760038CCEE /* SLButtonPattern.png */; };
		2B76BC4B1A67BA760038CCEE /* SLButtonPattern@2x.png in Resources */ = {isa = PBXBuildFile; fileRef = 2B76BC211A67BA760038CCEE /* SLButtonPattern@2x.png */; };
		2B76BC4C1A67BA760038CCEE /* SLIconClose.png in Resources */ = {isa = PBXBuildFile; fileRef = 2B76BC221A67BA760038CCEE /* SLIconClose.png */; };
		2B76BC4D1A67BA760038CCEE /* SLIconClose@2x.png in Resources */ = {isa = PBXBuildFile; fileRef = 2B76BC231A67BA760038CCEE /* SLIconClose@2x.png */; };
		2B76BC4E1A67BA760038CCEE /* SLIconExpand.png in Resources */ = {isa = PBXBuildFile; fileRef = 2B76BC241A67BA760038CCEE /* SLIconExpand.png */; };
		2B76BC4F1A67BA760038CCEE /* SLIconExpand@2x.png in Resources */ = {isa = PBXBuildFile; fileRef = 2B76BC251A67BA760038CCEE /* SLIconExpand@2x.png */; };
		2B76BC501A67BA760038CCEE /* SLIconFacebook.png in Resources */ = {isa = PBXBuildFile; fileRef = 2B76BC261A67BA760038CCEE /* SLIconFacebook.png */; };
		2B76BC511A67BA760038CCEE /* SLIconFacebook@2x.png in Resources */ = {isa = PBXBuildFile; fileRef = 2B76BC271A67BA760038CCEE /* SLIconFacebook@2x.png */; };
		2B76BC521A67BA760038CCEE /* SLIconLocation.png in Resources */ = {isa = PBXBuildFile; fileRef = 2B76BC281A67BA760038CCEE /* SLIconLocation.png */; };
		2B76BC531A67BA760038CCEE /* SLIconLocation@2x.png in Resources */ = {isa = PBXBuildFile; fileRef = 2B76BC291A67BA760038CCEE /* SLIconLocation@2x.png */; };
		2B76BC541A67BA760038CCEE /* SLIconMail.png in Resources */ = {isa = PBXBuildFile; fileRef = 2B76BC2A1A67BA760038CCEE /* SLIconMail.png */; };
		2B76BC551A67BA760038CCEE /* SLIconMail@2x.png in Resources */ = {isa = PBXBuildFile; fileRef = 2B76BC2B1A67BA760038CCEE /* SLIconMail@2x.png */; };
		2B76BC561A67BA760038CCEE /* SLIconShrink.png in Resources */ = {isa = PBXBuildFile; fileRef = 2B76BC2C1A67BA760038CCEE /* SLIconShrink.png */; };
		2B76BC571A67BA760038CCEE /* SLIconShrink@2x.png in Resources */ = {isa = PBXBuildFile; fileRef = 2B76BC2D1A67BA760038CCEE /* SLIconShrink@2x.png */; };
		2B76BC581A67BA760038CCEE /* SLIconSms.png in Resources */ = {isa = PBXBuildFile; fileRef = 2B76BC2E1A67BA760038CCEE /* SLIconSms.png */; };
		2B76BC591A67BA760038CCEE /* SLIconSms@2x.png in Resources */ = {isa = PBXBuildFile; fileRef = 2B76BC2F1A67BA760038CCEE /* SLIconSms@2x.png */; };
		2B76BC5A1A67BA760038CCEE /* SLIconTwitter.png in Resources */ = {isa = PBXBuildFile; fileRef = 2B76BC301A67BA760038CCEE /* SLIconTwitter.png */; };
		2B76BC5B1A67BA760038CCEE /* SLIconTwitter@2x.png in Resources */ = {isa = PBXBuildFile; fileRef = 2B76BC311A67BA760038CCEE /* SLIconTwitter@2x.png */; };
		2B76BC5C1A67BA760038CCEE /* SLPlayerControllerPause.png in Resources */ = {isa = PBXBuildFile; fileRef = 2B76BC321A67BA760038CCEE /* SLPlayerControllerPause.png */; };
		2B76BC5D1A67BA760038CCEE /* SLPlayerControllerPause@2x.png in Resources */ = {isa = PBXBuildFile; fileRef = 2B76BC331A67BA760038CCEE /* SLPlayerControllerPause@2x.png */; };
		2B76BC5E1A67BA760038CCEE /* SLPlayerControllerPlay.png in Resources */ = {isa = PBXBuildFile; fileRef = 2B76BC341A67BA760038CCEE /* SLPlayerControllerPlay.png */; };
		2B76BC5F1A67BA760038CCEE /* SLPlayerControllerPlay@2x.png in Resources */ = {isa = PBXBuildFile; fileRef = 2B76BC351A67BA760038CCEE /* SLPlayerControllerPlay@2x.png */; };
		2B76BC601A67BA760038CCEE /* SLPlayerControllerVolumeOn.png in Resources */ = {isa = PBXBuildFile; fileRef = 2B76BC361A67BA760038CCEE /* SLPlayerControllerVolumeOn.png */; };
		2B76BC611A67BA760038CCEE /* SLPlayerControllerVolumeOn@2x.png in Resources */ = {isa = PBXBuildFile; fileRef = 2B76BC371A67BA760038CCEE /* SLPlayerControllerVolumeOn@2x.png */; };
		2B76BC621A67BA760038CCEE /* SLPlayerFullscreenToggle.png in Resources */ = {isa = PBXBuildFile; fileRef = 2B76BC381A67BA760038CCEE /* SLPlayerFullscreenToggle.png */; };
		2B76BC631A67BA760038CCEE /* SLPlayerFullscreenToggle@2x.png in Resources */ = {isa = PBXBuildFile; fileRef = 2B76BC391A67BA760038CCEE /* SLPlayerFullscreenToggle@2x.png */; };
		2B76BC641A67BA760038CCEE /* SLPlayerProgressThumb.png in Resources */ = {isa = PBXBuildFile; fileRef = 2B76BC3A1A67BA760038CCEE /* SLPlayerProgressThumb.png */; };
		2B76BC651A67BA760038CCEE /* SLPlayerProgressThumb@2x.png in Resources */ = {isa = PBXBuildFile; fileRef = 2B76BC3B1A67BA760038CCEE /* SLPlayerProgressThumb@2x.png */; };
		2B76BC661A67BA760038CCEE /* SLStarEmpty.png in Resources */ = {isa = PBXBuildFile; fileRef = 2B76BC3C1A67BA760038CCEE /* SLStarEmpty.png */; };
		2B76BC671A67BA760038CCEE /* SLStarEmpty@2x.png in Resources */ = {isa = PBXBuildFile; fileRef = 2B76BC3D1A67BA760038CCEE /* SLStarEmpty@2x.png */; };
		2B76BC681A67BA760038CCEE /* SLStarFull.png in Resources */ = {isa = PBXBuildFile; fileRef = 2B76BC3E1A67BA760038CCEE /* SLStarFull.png */; };
		2B76BC691A67BA760038CCEE /* SLStarFull@2x.png in Resources */ = {isa = PBXBuildFile; fileRef = 2B76BC3F1A67BA760038CCEE /* SLStarFull@2x.png */; };
		2B76BC6A1A67BA760038CCEE /* SLStarHalf.png in Resources */ = {isa = PBXBuildFile; fileRef = 2B76BC401A67BA760038CCEE /* SLStarHalf.png */; };
		2B76BC6B1A67BA760038CCEE /* SLStarHalf@2x.png in Resources */ = {isa = PBXBuildFile; fileRef = 2B76BC411A67BA760038CCEE /* SLStarHalf@2x.png */; };
		2B76BC6C1A67BA760038CCEE /* Seamless.framework in Frameworks */ = {isa = PBXBuildFile; fileRef = 2B76BC421A67BA760038CCEE /* Seamless.framework */; };
		2B76BC6E1A67BB910038CCEE /* ford.mp4 in Resources */ = {isa = PBXBuildFile; fileRef = 2B76BC6D1A67BB830038CCEE /* ford.mp4 */; };
		2B76BC721A67BEAA0038CCEE /* video_thumbnail.PNG in Resources */ = {isa = PBXBuildFile; fileRef = 2B76BC711A67BEAA0038CCEE /* video_thumbnail.PNG */; };
		2B76BC761A67BF060038CCEE /* SDVideoViewController.m in Sources */ = {isa = PBXBuildFile; fileRef = 2B76BC741A67BF060038CCEE /* SDVideoViewController.m */; };
		2B76BC771A67BF060038CCEE /* SDVideoViewController.xib in Resources */ = {isa = PBXBuildFile; fileRef = 2B76BC751A67BF060038CCEE /* SDVideoViewController.xib */; };
		2B7706761A14EBA500EE7DF4 /* main.m in Sources */ = {isa = PBXBuildFile; fileRef = 2B7706751A14EBA500EE7DF4 /* main.m */; };
		2B7706791A14EBA500EE7DF4 /* AppDelegate.m in Sources */ = {isa = PBXBuildFile; fileRef = 2B7706781A14EBA500EE7DF4 /* AppDelegate.m */; };
		2B7706811A14EBA500EE7DF4 /* Images.xcassets in Resources */ = {isa = PBXBuildFile; fileRef = 2B7706801A14EBA500EE7DF4 /* Images.xcassets */; };
		2B7706841A14EBA500EE7DF4 /* LaunchScreen.xib in Resources */ = {isa = PBXBuildFile; fileRef = 2B7706821A14EBA500EE7DF4 /* LaunchScreen.xib */; };
		2B7706901A14EBA500EE7DF4 /* SeamlessDemoTests.m in Sources */ = {isa = PBXBuildFile; fileRef = 2B77068F1A14EBA500EE7DF4 /* SeamlessDemoTests.m */; };
		2B77069C1A14EBF200EE7DF4 /* SDMainViewController.m in Sources */ = {isa = PBXBuildFile; fileRef = 2B77069A1A14EBF200EE7DF4 /* SDMainViewController.m */; };
		2B77069D1A14EBF200EE7DF4 /* SDMainViewController.xib in Resources */ = {isa = PBXBuildFile; fileRef = 2B77069B1A14EBF200EE7DF4 /* SDMainViewController.xib */; };
		2B7706FA1A14FB6800EE7DF4 /* SDFeedViewController.m in Sources */ = {isa = PBXBuildFile; fileRef = 2B7706F81A14FB6800EE7DF4 /* SDFeedViewController.m */; };
		2B7706FB1A14FB6800EE7DF4 /* SDFeedViewController.xib in Resources */ = {isa = PBXBuildFile; fileRef = 2B7706F91A14FB6800EE7DF4 /* SDFeedViewController.xib */; };
		2B7706FF1A15176900EE7DF4 /* SDFloatingViewController.m in Sources */ = {isa = PBXBuildFile; fileRef = 2B7706FD1A15176900EE7DF4 /* SDFloatingViewController.m */; };
		2B7707001A15176900EE7DF4 /* SDFloatingViewController.xib in Resources */ = {isa = PBXBuildFile; fileRef = 2B7706FE1A15176900EE7DF4 /* SDFloatingViewController.xib */; };
		2B840D1B1A2C72B900D4ECF4 /* SDTableViewController.m in Sources */ = {isa = PBXBuildFile; fileRef = 2B840D191A2C72B900D4ECF4 /* SDTableViewController.m */; };
		2B840D201A2C7FAE00D4ECF4 /* SDBannerViewController.m in Sources */ = {isa = PBXBuildFile; fileRef = 2B840D1E1A2C7FAE00D4ECF4 /* SDBannerViewController.m */; };
		2B840D211A2C7FAE00D4ECF4 /* SDBannerViewController.xib in Resources */ = {isa = PBXBuildFile; fileRef = 2B840D1F1A2C7FAE00D4ECF4 /* SDBannerViewController.xib */; };
		2BC7009B1A2CA82B0031D568 /* SDResizeForBannerViewController.m in Sources */ = {isa = PBXBuildFile; fileRef = 2BC700991A2CA82B0031D568 /* SDResizeForBannerViewController.m */; };
		2BC7009C1A2CA82B0031D568 /* SDResizeForBannerViewController.xib in Resources */ = {isa = PBXBuildFile; fileRef = 2BC7009A1A2CA82B0031D568 /* SDResizeForBannerViewController.xib */; };
		2BC700A01A2CA85F0031D568 /* SDMreViewController.m in Sources */ = {isa = PBXBuildFile; fileRef = 2BC7009E1A2CA85F0031D568 /* SDMreViewController.m */; };
		2BC700A11A2CA85F0031D568 /* SDMreViewController.xib in Resources */ = {isa = PBXBuildFile; fileRef = 2BC7009F1A2CA85F0031D568 /* SDMreViewController.xib */; };
		2BD8D7CE1A2C9E5700B559C3 /* SDTableViewController.xib in Resources */ = {isa = PBXBuildFile; fileRef = 2BD8D7CD1A2C9E5700B559C3 /* SDTableViewController.xib */; };
		B20E9DF7A8A6C82FC32E6806 /* libPods.a in Frameworks */ = {isa = PBXBuildFile; fileRef = 34E38A2375EB8F5EC0D6DEAC /* libPods.a */; };
/* End PBXBuildFile section */

/* Begin PBXContainerItemProxy section */
		2B77068A1A14EBA500EE7DF4 /* PBXContainerItemProxy */ = {
			isa = PBXContainerItemProxy;
			containerPortal = 2B7706681A14EBA500EE7DF4 /* Project object */;
			proxyType = 1;
			remoteGlobalIDString = 2B77066F1A14EBA500EE7DF4;
			remoteInfo = SeamlessDemo;
		};
/* End PBXContainerItemProxy section */

/* Begin PBXFileReference section */
		2B5F223B1A2DC29300FD3A12 /* SDBannerAutoLayoutViewController.h */ = {isa = PBXFileReference; fileEncoding = 4; lastKnownFileType = sourcecode.c.h; path = SDBannerAutoLayoutViewController.h; sourceTree = "<group>"; };
		2B5F223C1A2DC29300FD3A12 /* SDBannerAutoLayoutViewController.m */ = {isa = PBXFileReference; fileEncoding = 4; lastKnownFileType = sourcecode.c.objc; path = SDBannerAutoLayoutViewController.m; sourceTree = "<group>"; };
		2B5F223D1A2DC29300FD3A12 /* SDBannerAutoLayoutViewController.xib */ = {isa = PBXFileReference; fileEncoding = 4; lastKnownFileType = file.xib; path = SDBannerAutoLayoutViewController.xib; sourceTree = "<group>"; };
		2B76BC191A67BA760038CCEE /* LICENSE */ = {isa = PBXFileReference; fileEncoding = 4; lastKnownFileType = text; path = LICENSE; sourceTree = "<group>"; };
		2B76BC1A1A67BA760038CCEE /* MPAdBrowserController.nib */ = {isa = PBXFileReference; lastKnownFileType = file; path = MPAdBrowserController.nib; sourceTree = "<group>"; };
		2B76BC1B1A67BA760038CCEE /* MPCloseButtonX.png */ = {isa = PBXFileReference; lastKnownFileType = image.png; path = MPCloseButtonX.png; sourceTree = "<group>"; };
		2B76BC1C1A67BA760038CCEE /* MPCloseButtonX@2x.png */ = {isa = PBXFileReference; lastKnownFileType = image.png; path = "MPCloseButtonX@2x.png"; sourceTree = "<group>"; };
		2B76BC1D1A67BA760038CCEE /* MRAID.bundle */ = {isa = PBXFileReference; lastKnownFileType = "wrapper.plug-in"; path = MRAID.bundle; sourceTree = "<group>"; };
		2B76BC1E1A67BA760038CCEE /* README.md */ = {isa = PBXFileReference; fileEncoding = 4; lastKnownFileType = net.daringfireball.markdown; path = README.md; sourceTree = "<group>"; };
		2B76BC1F1A67BA760038CCEE /* README.txt */ = {isa = PBXFileReference; fileEncoding = 4; lastKnownFileType = text; path = README.txt; sourceTree = "<group>"; };
		2B76BC201A67BA760038CCEE /* SLButtonPattern.png */ = {isa = PBXFileReference; lastKnownFileType = image.png; path = SLButtonPattern.png; sourceTree = "<group>"; };
		2B76BC211A67BA760038CCEE /* SLButtonPattern@2x.png */ = {isa = PBXFileReference; lastKnownFileType = image.png; path = "SLButtonPattern@2x.png"; sourceTree = "<group>"; };
		2B76BC221A67BA760038CCEE /* SLIconClose.png */ = {isa = PBXFileReference; lastKnownFileType = image.png; path = SLIconClose.png; sourceTree = "<group>"; };
		2B76BC231A67BA760038CCEE /* SLIconClose@2x.png */ = {isa = PBXFileReference; lastKnownFileType = image.png; path = "SLIconClose@2x.png"; sourceTree = "<group>"; };
		2B76BC241A67BA760038CCEE /* SLIconExpand.png */ = {isa = PBXFileReference; lastKnownFileType = image.png; path = SLIconExpand.png; sourceTree = "<group>"; };
		2B76BC251A67BA760038CCEE /* SLIconExpand@2x.png */ = {isa = PBXFileReference; lastKnownFileType = image.png; path = "SLIconExpand@2x.png"; sourceTree = "<group>"; };
		2B76BC261A67BA760038CCEE /* SLIconFacebook.png */ = {isa = PBXFileReference; lastKnownFileType = image.png; path = SLIconFacebook.png; sourceTree = "<group>"; };
		2B76BC271A67BA760038CCEE /* SLIconFacebook@2x.png */ = {isa = PBXFileReference; lastKnownFileType = image.png; path = "SLIconFacebook@2x.png"; sourceTree = "<group>"; };
		2B76BC281A67BA760038CCEE /* SLIconLocation.png */ = {isa = PBXFileReference; lastKnownFileType = image.png; path = SLIconLocation.png; sourceTree = "<group>"; };
		2B76BC291A67BA760038CCEE /* SLIconLocation@2x.png */ = {isa = PBXFileReference; lastKnownFileType = image.png; path = "SLIconLocation@2x.png"; sourceTree = "<group>"; };
		2B76BC2A1A67BA760038CCEE /* SLIconMail.png */ = {isa = PBXFileReference; lastKnownFileType = image.png; path = SLIconMail.png; sourceTree = "<group>"; };
		2B76BC2B1A67BA760038CCEE /* SLIconMail@2x.png */ = {isa = PBXFileReference; lastKnownFileType = image.png; path = "SLIconMail@2x.png"; sourceTree = "<group>"; };
		2B76BC2C1A67BA760038CCEE /* SLIconShrink.png */ = {isa = PBXFileReference; lastKnownFileType = image.png; path = SLIconShrink.png; sourceTree = "<group>"; };
		2B76BC2D1A67BA760038CCEE /* SLIconShrink@2x.png */ = {isa = PBXFileReference; lastKnownFileType = image.png; path = "SLIconShrink@2x.png"; sourceTree = "<group>"; };
		2B76BC2E1A67BA760038CCEE /* SLIconSms.png */ = {isa = PBXFileReference; lastKnownFileType = image.png; path = SLIconSms.png; sourceTree = "<group>"; };
		2B76BC2F1A67BA760038CCEE /* SLIconSms@2x.png */ = {isa = PBXFileReference; lastKnownFileType = image.png; path = "SLIconSms@2x.png"; sourceTree = "<group>"; };
		2B76BC301A67BA760038CCEE /* SLIconTwitter.png */ = {isa = PBXFileReference; lastKnownFileType = image.png; path = SLIconTwitter.png; sourceTree = "<group>"; };
		2B76BC311A67BA760038CCEE /* SLIconTwitter@2x.png */ = {isa = PBXFileReference; lastKnownFileType = image.png; path = "SLIconTwitter@2x.png"; sourceTree = "<group>"; };
		2B76BC321A67BA760038CCEE /* SLPlayerControllerPause.png */ = {isa = PBXFileReference; lastKnownFileType = image.png; path = SLPlayerControllerPause.png; sourceTree = "<group>"; };
		2B76BC331A67BA760038CCEE /* SLPlayerControllerPause@2x.png */ = {isa = PBXFileReference; lastKnownFileType = image.png; path = "SLPlayerControllerPause@2x.png"; sourceTree = "<group>"; };
		2B76BC341A67BA760038CCEE /* SLPlayerControllerPlay.png */ = {isa = PBXFileReference; lastKnownFileType = image.png; path = SLPlayerControllerPlay.png; sourceTree = "<group>"; };
		2B76BC351A67BA760038CCEE /* SLPlayerControllerPlay@2x.png */ = {isa = PBXFileReference; lastKnownFileType = image.png; path = "SLPlayerControllerPlay@2x.png"; sourceTree = "<group>"; };
		2B76BC361A67BA760038CCEE /* SLPlayerControllerVolumeOn.png */ = {isa = PBXFileReference; lastKnownFileType = image.png; path = SLPlayerControllerVolumeOn.png; sourceTree = "<group>"; };
		2B76BC371A67BA760038CCEE /* SLPlayerControllerVolumeOn@2x.png */ = {isa = PBXFileReference; lastKnownFileType = image.png; path = "SLPlayerControllerVolumeOn@2x.png"; sourceTree = "<group>"; };
		2B76BC381A67BA760038CCEE /* SLPlayerFullscreenToggle.png */ = {isa = PBXFileReference; lastKnownFileType = image.png; path = SLPlayerFullscreenToggle.png; sourceTree = "<group>"; };
		2B76BC391A67BA760038CCEE /* SLPlayerFullscreenToggle@2x.png */ = {isa = PBXFileReference; lastKnownFileType = image.png; path = "SLPlayerFullscreenToggle@2x.png"; sourceTree = "<group>"; };
		2B76BC3A1A67BA760038CCEE /* SLPlayerProgressThumb.png */ = {isa = PBXFileReference; lastKnownFileType = image.png; path = SLPlayerProgressThumb.png; sourceTree = "<group>"; };
		2B76BC3B1A67BA760038CCEE /* SLPlayerProgressThumb@2x.png */ = {isa = PBXFileReference; lastKnownFileType = image.png; path = "SLPlayerProgressThumb@2x.png"; sourceTree = "<group>"; };
		2B76BC3C1A67BA760038CCEE /* SLStarEmpty.png */ = {isa = PBXFileReference; lastKnownFileType = image.png; path = SLStarEmpty.png; sourceTree = "<group>"; };
		2B76BC3D1A67BA760038CCEE /* SLStarEmpty@2x.png */ = {isa = PBXFileReference; lastKnownFileType = image.png; path = "SLStarEmpty@2x.png"; sourceTree = "<group>"; };
		2B76BC3E1A67BA760038CCEE /* SLStarFull.png */ = {isa = PBXFileReference; lastKnownFileType = image.png; path = SLStarFull.png; sourceTree = "<group>"; };
		2B76BC3F1A67BA760038CCEE /* SLStarFull@2x.png */ = {isa = PBXFileReference; lastKnownFileType = image.png; path = "SLStarFull@2x.png"; sourceTree = "<group>"; };
		2B76BC401A67BA760038CCEE /* SLStarHalf.png */ = {isa = PBXFileReference; lastKnownFileType = image.png; path = SLStarHalf.png; sourceTree = "<group>"; };
		2B76BC411A67BA760038CCEE /* SLStarHalf@2x.png */ = {isa = PBXFileReference; lastKnownFileType = image.png; path = "SLStarHalf@2x.png"; sourceTree = "<group>"; };
		2B76BC421A67BA760038CCEE /* Seamless.framework */ = {isa = PBXFileReference; lastKnownFileType = wrapper.framework; path = Seamless.framework; sourceTree = "<group>"; };
		2B76BC6D1A67BB830038CCEE /* ford.mp4 */ = {isa = PBXFileReference; lastKnownFileType = file; path = ford.mp4; sourceTree = "<group>"; };
		2B76BC711A67BEAA0038CCEE /* video_thumbnail.PNG */ = {isa = PBXFileReference; lastKnownFileType = image.png; path = video_thumbnail.PNG; sourceTree = "<group>"; };
		2B76BC731A67BF060038CCEE /* SDVideoViewController.h */ = {isa = PBXFileReference; fileEncoding = 4; lastKnownFileType = sourcecode.c.h; path = SDVideoViewController.h; sourceTree = "<group>"; };
		2B76BC741A67BF060038CCEE /* SDVideoViewController.m */ = {isa = PBXFileReference; fileEncoding = 4; lastKnownFileType = sourcecode.c.objc; path = SDVideoViewController.m; sourceTree = "<group>"; };
		2B76BC751A67BF060038CCEE /* SDVideoViewController.xib */ = {isa = PBXFileReference; fileEncoding = 4; lastKnownFileType = file.xib; path = SDVideoViewController.xib; sourceTree = "<group>"; };
		2B7706701A14EBA500EE7DF4 /* SeamlessDemo.app */ = {isa = PBXFileReference; explicitFileType = wrapper.application; includeInIndex = 0; path = SeamlessDemo.app; sourceTree = BUILT_PRODUCTS_DIR; };
		2B7706741A14EBA500EE7DF4 /* Info.plist */ = {isa = PBXFileReference; lastKnownFileType = text.plist.xml; path = Info.plist; sourceTree = "<group>"; };
		2B7706751A14EBA500EE7DF4 /* main.m */ = {isa = PBXFileReference; lastKnownFileType = sourcecode.c.objc; path = main.m; sourceTree = "<group>"; };
		2B7706771A14EBA500EE7DF4 /* AppDelegate.h */ = {isa = PBXFileReference; lastKnownFileType = sourcecode.c.h; path = AppDelegate.h; sourceTree = "<group>"; };
		2B7706781A14EBA500EE7DF4 /* AppDelegate.m */ = {isa = PBXFileReference; lastKnownFileType = sourcecode.c.objc; path = AppDelegate.m; sourceTree = "<group>"; };
		2B7706801A14EBA500EE7DF4 /* Images.xcassets */ = {isa = PBXFileReference; lastKnownFileType = folder.assetcatalog; path = Images.xcassets; sourceTree = "<group>"; };
		2B7706831A14EBA500EE7DF4 /* Base */ = {isa = PBXFileReference; lastKnownFileType = file.xib; name = Base; path = Base.lproj/LaunchScreen.xib; sourceTree = "<group>"; };
		2B7706891A14EBA500EE7DF4 /* SeamlessDemoTests.xctest */ = {isa = PBXFileReference; explicitFileType = wrapper.cfbundle; includeInIndex = 0; path = SeamlessDemoTests.xctest; sourceTree = BUILT_PRODUCTS_DIR; };
		2B77068E1A14EBA500EE7DF4 /* Info.plist */ = {isa = PBXFileReference; lastKnownFileType = text.plist.xml; path = Info.plist; sourceTree = "<group>"; };
		2B77068F1A14EBA500EE7DF4 /* SeamlessDemoTests.m */ = {isa = PBXFileReference; lastKnownFileType = sourcecode.c.objc; path = SeamlessDemoTests.m; sourceTree = "<group>"; };
		2B7706991A14EBF200EE7DF4 /* SDMainViewController.h */ = {isa = PBXFileReference; fileEncoding = 4; lastKnownFileType = sourcecode.c.h; path = SDMainViewController.h; sourceTree = "<group>"; };
		2B77069A1A14EBF200EE7DF4 /* SDMainViewController.m */ = {isa = PBXFileReference; fileEncoding = 4; lastKnownFileType = sourcecode.c.objc; path = SDMainViewController.m; sourceTree = "<group>"; };
		2B77069B1A14EBF200EE7DF4 /* SDMainViewController.xib */ = {isa = PBXFileReference; fileEncoding = 4; lastKnownFileType = file.xib; path = SDMainViewController.xib; sourceTree = "<group>"; };
		2B7706F51A14F74800EE7DF4 /* Define.h */ = {isa = PBXFileReference; lastKnownFileType = sourcecode.c.h; path = Define.h; sourceTree = "<group>"; };
		2B7706F71A14FB6800EE7DF4 /* SDFeedViewController.h */ = {isa = PBXFileReference; fileEncoding = 4; lastKnownFileType = sourcecode.c.h; path = SDFeedViewController.h; sourceTree = "<group>"; };
		2B7706F81A14FB6800EE7DF4 /* SDFeedViewController.m */ = {isa = PBXFileReference; fileEncoding = 4; lastKnownFileType = sourcecode.c.objc; path = SDFeedViewController.m; sourceTree = "<group>"; };
		2B7706F91A14FB6800EE7DF4 /* SDFeedViewController.xib */ = {isa = PBXFileReference; fileEncoding = 4; lastKnownFileType = file.xib; path = SDFeedViewController.xib; sourceTree = "<group>"; };
		2B7706FC1A15176900EE7DF4 /* SDFloatingViewController.h */ = {isa = PBXFileReference; fileEncoding = 4; lastKnownFileType = sourcecode.c.h; path = SDFloatingViewController.h; sourceTree = "<group>"; };
		2B7706FD1A15176900EE7DF4 /* SDFloatingViewController.m */ = {isa = PBXFileReference; fileEncoding = 4; lastKnownFileType = sourcecode.c.objc; path = SDFloatingViewController.m; sourceTree = "<group>"; };
		2B7706FE1A15176900EE7DF4 /* SDFloatingViewController.xib */ = {isa = PBXFileReference; fileEncoding = 4; lastKnownFileType = file.xib; path = SDFloatingViewController.xib; sourceTree = "<group>"; };
		2B840D181A2C72B900D4ECF4 /* SDTableViewController.h */ = {isa = PBXFileReference; fileEncoding = 4; lastKnownFileType = sourcecode.c.h; path = SDTableViewController.h; sourceTree = "<group>"; };
		2B840D191A2C72B900D4ECF4 /* SDTableViewController.m */ = {isa = PBXFileReference; fileEncoding = 4; lastKnownFileType = sourcecode.c.objc; path = SDTableViewController.m; sourceTree = "<group>"; };
		2B840D1D1A2C7FAE00D4ECF4 /* SDBannerViewController.h */ = {isa = PBXFileReference; fileEncoding = 4; lastKnownFileType = sourcecode.c.h; path = SDBannerViewController.h; sourceTree = "<group>"; };
		2B840D1E1A2C7FAE00D4ECF4 /* SDBannerViewController.m */ = {isa = PBXFileReference; fileEncoding = 4; lastKnownFileType = sourcecode.c.objc; path = SDBannerViewController.m; sourceTree = "<group>"; };
		2B840D1F1A2C7FAE00D4ECF4 /* SDBannerViewController.xib */ = {isa = PBXFileReference; fileEncoding = 4; lastKnownFileType = file.xib; path = SDBannerViewController.xib; sourceTree = "<group>"; };
		2BC700981A2CA82B0031D568 /* SDResizeForBannerViewController.h */ = {isa = PBXFileReference; fileEncoding = 4; lastKnownFileType = sourcecode.c.h; path = SDResizeForBannerViewController.h; sourceTree = "<group>"; };
		2BC700991A2CA82B0031D568 /* SDResizeForBannerViewController.m */ = {isa = PBXFileReference; fileEncoding = 4; lastKnownFileType = sourcecode.c.objc; path = SDResizeForBannerViewController.m; sourceTree = "<group>"; };
		2BC7009A1A2CA82B0031D568 /* SDResizeForBannerViewController.xib */ = {isa = PBXFileReference; fileEncoding = 4; lastKnownFileType = file.xib; path = SDResizeForBannerViewController.xib; sourceTree = "<group>"; };
		2BC7009D1A2CA85F0031D568 /* SDMreViewController.h */ = {isa = PBXFileReference; fileEncoding = 4; lastKnownFileType = sourcecode.c.h; path = SDMreViewController.h; sourceTree = "<group>"; };
		2BC7009E1A2CA85F0031D568 /* SDMreViewController.m */ = {isa = PBXFileReference; fileEncoding = 4; lastKnownFileType = sourcecode.c.objc; path = SDMreViewController.m; sourceTree = "<group>"; };
		2BC7009F1A2CA85F0031D568 /* SDMreViewController.xib */ = {isa = PBXFileReference; fileEncoding = 4; lastKnownFileType = file.xib; path = SDMreViewController.xib; sourceTree = "<group>"; };
		2BD8D7CD1A2C9E5700B559C3 /* SDTableViewController.xib */ = {isa = PBXFileReference; fileEncoding = 4; lastKnownFileType = file.xib; path = SDTableViewController.xib; sourceTree = "<group>"; };
		34E38A2375EB8F5EC0D6DEAC /* libPods.a */ = {isa = PBXFileReference; explicitFileType = archive.ar; includeInIndex = 0; path = libPods.a; sourceTree = BUILT_PRODUCTS_DIR; };
		BBC5CDC8536CF4800AF66F0F /* Pods.debug.xcconfig */ = {isa = PBXFileReference; includeInIndex = 1; lastKnownFileType = text.xcconfig; name = Pods.debug.xcconfig; path = "Pods/Target Support Files/Pods/Pods.debug.xcconfig"; sourceTree = "<group>"; };
		F4D30AFC88F801B2A00491C3 /* Pods.release.xcconfig */ = {isa = PBXFileReference; includeInIndex = 1; lastKnownFileType = text.xcconfig; name = Pods.release.xcconfig; path = "Pods/Target Support Files/Pods/Pods.release.xcconfig"; sourceTree = "<group>"; };
/* End PBXFileReference section */

/* Begin PBXFrameworksBuildPhase section */
		2B77066D1A14EBA500EE7DF4 /* Frameworks */ = {
			isa = PBXFrameworksBuildPhase;
			buildActionMask = 2147483647;
			files = (
				B20E9DF7A8A6C82FC32E6806 /* libPods.a in Frameworks */,
				2B76BC6C1A67BA760038CCEE /* Seamless.framework in Frameworks */,
			);
			runOnlyForDeploymentPostprocessing = 0;
		};
		2B7706861A14EBA500EE7DF4 /* Frameworks */ = {
			isa = PBXFrameworksBuildPhase;
			buildActionMask = 2147483647;
			files = (
			);
			runOnlyForDeploymentPostprocessing = 0;
		};
/* End PBXFrameworksBuildPhase section */

/* Begin PBXGroup section */
		1723E1A4416E9221FB464C1F /* Pods */ = {
			isa = PBXGroup;
			children = (
				BBC5CDC8536CF4800AF66F0F /* Pods.debug.xcconfig */,
				F4D30AFC88F801B2A00491C3 /* Pods.release.xcconfig */,
			);
			name = Pods;
			sourceTree = "<group>";
		};
		2B76BC171A67BA760038CCEE /* Seamless.embeddedframework */ = {
			isa = PBXGroup;
			children = (
				2B76BC181A67BA760038CCEE /* Resources */,
				2B76BC421A67BA760038CCEE /* Seamless.framework */,
			);
			path = Seamless.embeddedframework;
			sourceTree = "<group>";
		};
		2B76BC181A67BA760038CCEE /* Resources */ = {
			isa = PBXGroup;
			children = (
				2B76BC191A67BA760038CCEE /* LICENSE */,
				2B76BC1A1A67BA760038CCEE /* MPAdBrowserController.nib */,
				2B76BC1B1A67BA760038CCEE /* MPCloseButtonX.png */,
				2B76BC1C1A67BA760038CCEE /* MPCloseButtonX@2x.png */,
				2B76BC1D1A67BA760038CCEE /* MRAID.bundle */,
				2B76BC1E1A67BA760038CCEE /* README.md */,
				2B76BC1F1A67BA760038CCEE /* README.txt */,
				2B76BC201A67BA760038CCEE /* SLButtonPattern.png */,
				2B76BC211A67BA760038CCEE /* SLButtonPattern@2x.png */,
				2B76BC221A67BA760038CCEE /* SLIconClose.png */,
				2B76BC231A67BA760038CCEE /* SLIconClose@2x.png */,
				2B76BC241A67BA760038CCEE /* SLIconExpand.png */,
				2B76BC251A67BA760038CCEE /* SLIconExpand@2x.png */,
				2B76BC261A67BA760038CCEE /* SLIconFacebook.png */,
				2B76BC271A67BA760038CCEE /* SLIconFacebook@2x.png */,
				2B76BC281A67BA760038CCEE /* SLIconLocation.png */,
				2B76BC291A67BA760038CCEE /* SLIconLocation@2x.png */,
				2B76BC2A1A67BA760038CCEE /* SLIconMail.png */,
				2B76BC2B1A67BA760038CCEE /* SLIconMail@2x.png */,
				2B76BC2C1A67BA760038CCEE /* SLIconShrink.png */,
				2B76BC2D1A67BA760038CCEE /* SLIconShrink@2x.png */,
				2B76BC2E1A67BA760038CCEE /* SLIconSms.png */,
				2B76BC2F1A67BA760038CCEE /* SLIconSms@2x.png */,
				2B76BC301A67BA760038CCEE /* SLIconTwitter.png */,
				2B76BC311A67BA760038CCEE /* SLIconTwitter@2x.png */,
				2B76BC321A67BA760038CCEE /* SLPlayerControllerPause.png */,
				2B76BC331A67BA760038CCEE /* SLPlayerControllerPause@2x.png */,
				2B76BC341A67BA760038CCEE /* SLPlayerControllerPlay.png */,
				2B76BC351A67BA760038CCEE /* SLPlayerControllerPlay@2x.png */,
				2B76BC361A67BA760038CCEE /* SLPlayerControllerVolumeOn.png */,
				2B76BC371A67BA760038CCEE /* SLPlayerControllerVolumeOn@2x.png */,
				2B76BC381A67BA760038CCEE /* SLPlayerFullscreenToggle.png */,
				2B76BC391A67BA760038CCEE /* SLPlayerFullscreenToggle@2x.png */,
				2B76BC3A1A67BA760038CCEE /* SLPlayerProgressThumb.png */,
				2B76BC3B1A67BA760038CCEE /* SLPlayerProgressThumb@2x.png */,
				2B76BC3C1A67BA760038CCEE /* SLStarEmpty.png */,
				2B76BC3D1A67BA760038CCEE /* SLStarEmpty@2x.png */,
				2B76BC3E1A67BA760038CCEE /* SLStarFull.png */,
				2B76BC3F1A67BA760038CCEE /* SLStarFull@2x.png */,
				2B76BC401A67BA760038CCEE /* SLStarHalf.png */,
				2B76BC411A67BA760038CCEE /* SLStarHalf@2x.png */,
			);
			path = Resources;
			sourceTree = "<group>";
		};
		2B7706671A14EBA500EE7DF4 = {
			isa = PBXGroup;
			children = (
				2B7706721A14EBA500EE7DF4 /* SeamlessDemo */,
				2B7706711A14EBA500EE7DF4 /* Products */,
				2B77068C1A14EBA500EE7DF4 /* SeamlessDemoTests */,
				2B77069E1A14EC3000EE7DF4 /* Frameworks */,
				1723E1A4416E9221FB464C1F /* Pods */,
			);
			sourceTree = "<group>";
		};
		2B7706711A14EBA500EE7DF4 /* Products */ = {
			isa = PBXGroup;
			children = (
				2B7706701A14EBA500EE7DF4 /* SeamlessDemo.app */,
				2B7706891A14EBA500EE7DF4 /* SeamlessDemoTests.xctest */,
			);
			name = Products;
			sourceTree = "<group>";
		};
		2B7706721A14EBA500EE7DF4 /* SeamlessDemo */ = {
			isa = PBXGroup;
			children = (
				2B76BC711A67BEAA0038CCEE /* video_thumbnail.PNG */,
				2B76BC6D1A67BB830038CCEE /* ford.mp4 */,
				2B7706771A14EBA500EE7DF4 /* AppDelegate.h */,
				2B7706781A14EBA500EE7DF4 /* AppDelegate.m */,
				2B7706F51A14F74800EE7DF4 /* Define.h */,
				2B7706991A14EBF200EE7DF4 /* SDMainViewController.h */,
				2B77069A1A14EBF200EE7DF4 /* SDMainViewController.m */,
				2B77069B1A14EBF200EE7DF4 /* SDMainViewController.xib */,
				2B840D181A2C72B900D4ECF4 /* SDTableViewController.h */,
				2B840D191A2C72B900D4ECF4 /* SDTableViewController.m */,
				2BD8D7CD1A2C9E5700B559C3 /* SDTableViewController.xib */,
				2B7706F71A14FB6800EE7DF4 /* SDFeedViewController.h */,
				2B7706F81A14FB6800EE7DF4 /* SDFeedViewController.m */,
				2B7706F91A14FB6800EE7DF4 /* SDFeedViewController.xib */,
				2B7706FC1A15176900EE7DF4 /* SDFloatingViewController.h */,
				2B7706FD1A15176900EE7DF4 /* SDFloatingViewController.m */,
				2B7706FE1A15176900EE7DF4 /* SDFloatingViewController.xib */,
				2B840D1D1A2C7FAE00D4ECF4 /* SDBannerViewController.h */,
				2B840D1E1A2C7FAE00D4ECF4 /* SDBannerViewController.m */,
				2B840D1F1A2C7FAE00D4ECF4 /* SDBannerViewController.xib */,
				2BC700981A2CA82B0031D568 /* SDResizeForBannerViewController.h */,
				2BC700991A2CA82B0031D568 /* SDResizeForBannerViewController.m */,
				2BC7009A1A2CA82B0031D568 /* SDResizeForBannerViewController.xib */,
				2B5F223B1A2DC29300FD3A12 /* SDBannerAutoLayoutViewController.h */,
				2B5F223C1A2DC29300FD3A12 /* SDBannerAutoLayoutViewController.m */,
				2B5F223D1A2DC29300FD3A12 /* SDBannerAutoLayoutViewController.xib */,
				2BC7009D1A2CA85F0031D568 /* SDMreViewController.h */,
				2BC7009E1A2CA85F0031D568 /* SDMreViewController.m */,
				2BC7009F1A2CA85F0031D568 /* SDMreViewController.xib */,
				2B76BC731A67BF060038CCEE /* SDVideoViewController.h */,
				2B76BC741A67BF060038CCEE /* SDVideoViewController.m */,
				2B76BC751A67BF060038CCEE /* SDVideoViewController.xib */,
				2B7706801A14EBA500EE7DF4 /* Images.xcassets */,
				2B7706821A14EBA500EE7DF4 /* LaunchScreen.xib */,
				2B7706731A14EBA500EE7DF4 /* Supporting Files */,
			);
			path = SeamlessDemo;
			sourceTree = "<group>";
		};
		2B7706731A14EBA500EE7DF4 /* Supporting Files */ = {
			isa = PBXGroup;
			children = (
				2B7706741A14EBA500EE7DF4 /* Info.plist */,
				2B7706751A14EBA500EE7DF4 /* main.m */,
			);
			name = "Supporting Files";
			sourceTree = "<group>";
		};
		2B77068C1A14EBA500EE7DF4 /* SeamlessDemoTests */ = {
			isa = PBXGroup;
			children = (
				2B77068F1A14EBA500EE7DF4 /* SeamlessDemoTests.m */,
				2B77068D1A14EBA500EE7DF4 /* Supporting Files */,
			);
			path = SeamlessDemoTests;
			sourceTree = "<group>";
		};
		2B77068D1A14EBA500EE7DF4 /* Supporting Files */ = {
			isa = PBXGroup;
			children = (
				2B77068E1A14EBA500EE7DF4 /* Info.plist */,
			);
			name = "Supporting Files";
			sourceTree = "<group>";
		};
		2B77069E1A14EC3000EE7DF4 /* Frameworks */ = {
			isa = PBXGroup;
			children = (
				2B76BC171A67BA760038CCEE /* Seamless.embeddedframework */,
				34E38A2375EB8F5EC0D6DEAC /* libPods.a */,
			);
			name = Frameworks;
			sourceTree = "<group>";
		};
/* End PBXGroup section */

/* Begin PBXNativeTarget section */
		2B77066F1A14EBA500EE7DF4 /* SeamlessDemo */ = {
			isa = PBXNativeTarget;
			buildConfigurationList = 2B7706931A14EBA500EE7DF4 /* Build configuration list for PBXNativeTarget "SeamlessDemo" */;
			buildPhases = (
				0950138FA0AF7CF517734FD8 /* Check Pods Manifest.lock */,
				2B77066C1A14EBA500EE7DF4 /* Sources */,
				2B77066D1A14EBA500EE7DF4 /* Frameworks */,
				2B77066E1A14EBA500EE7DF4 /* Resources */,
				B3948D9636564481554233F1 /* Copy Pods Resources */,
			);
			buildRules = (
			);
			dependencies = (
			);
			name = SeamlessDemo;
			productName = SeamlessDemo;
			productReference = 2B7706701A14EBA500EE7DF4 /* SeamlessDemo.app */;
			productType = "com.apple.product-type.application";
		};
		2B7706881A14EBA500EE7DF4 /* SeamlessDemoTests */ = {
			isa = PBXNativeTarget;
			buildConfigurationList = 2B7706961A14EBA500EE7DF4 /* Build configuration list for PBXNativeTarget "SeamlessDemoTests" */;
			buildPhases = (
				2B7706851A14EBA500EE7DF4 /* Sources */,
				2B7706861A14EBA500EE7DF4 /* Frameworks */,
				2B7706871A14EBA500EE7DF4 /* Resources */,
			);
			buildRules = (
			);
			dependencies = (
				2B77068B1A14EBA500EE7DF4 /* PBXTargetDependency */,
			);
			name = SeamlessDemoTests;
			productName = SeamlessDemoTests;
			productReference = 2B7706891A14EBA500EE7DF4 /* SeamlessDemoTests.xctest */;
			productType = "com.apple.product-type.bundle.unit-test";
		};
/* End PBXNativeTarget section */

/* Begin PBXProject section */
		2B7706681A14EBA500EE7DF4 /* Project object */ = {
			isa = PBXProject;
			attributes = {
				LastUpgradeCheck = 0610;
				ORGANIZATIONNAME = "Suzy Kang";
				TargetAttributes = {
					2B77066F1A14EBA500EE7DF4 = {
						CreatedOnToolsVersion = 6.1;
					};
					2B7706881A14EBA500EE7DF4 = {
						CreatedOnToolsVersion = 6.1;
						TestTargetID = 2B77066F1A14EBA500EE7DF4;
					};
				};
			};
			buildConfigurationList = 2B77066B1A14EBA500EE7DF4 /* Build configuration list for PBXProject "SeamlessDemo" */;
			compatibilityVersion = "Xcode 3.2";
			developmentRegion = English;
			hasScannedForEncodings = 0;
			knownRegions = (
				en,
				Base,
			);
			mainGroup = 2B7706671A14EBA500EE7DF4;
			productRefGroup = 2B7706711A14EBA500EE7DF4 /* Products */;
			projectDirPath = "";
			projectRoot = "";
			targets = (
				2B77066F1A14EBA500EE7DF4 /* SeamlessDemo */,
				2B7706881A14EBA500EE7DF4 /* SeamlessDemoTests */,
			);
		};
/* End PBXProject section */

/* Begin PBXResourcesBuildPhase section */
		2B77066E1A14EBA500EE7DF4 /* Resources */ = {
			isa = PBXResourcesBuildPhase;
			buildActionMask = 2147483647;
			files = (
				2B76BC771A67BF060038CCEE /* SDVideoViewController.xib in Resources */,
				2B76BC6E1A67BB910038CCEE /* ford.mp4 in Resources */,
				2B76BC5F1A67BA760038CCEE /* SLPlayerControllerPlay@2x.png in Resources */,
				2B76BC4F1A67BA760038CCEE /* SLIconExpand@2x.png in Resources */,
				2B76BC661A67BA760038CCEE /* SLStarEmpty.png in Resources */,
				2B76BC4B1A67BA760038CCEE /* SLButtonPattern@2x.png in Resources */,
				2B76BC631A67BA760038CCEE /* SLPlayerFullscreenToggle@2x.png in Resources */,
				2B76BC581A67BA760038CCEE /* SLIconSms.png in Resources */,
				2B76BC5E1A67BA760038CCEE /* SLPlayerControllerPlay.png in Resources */,
				2B5F223F1A2DC29300FD3A12 /* SDBannerAutoLayoutViewController.xib in Resources */,
				2B76BC5A1A67BA760038CCEE /* SLIconTwitter.png in Resources */,
				2B76BC671A67BA760038CCEE /* SLStarEmpty@2x.png in Resources */,
				2B76BC521A67BA760038CCEE /* SLIconLocation.png in Resources */,
				2B76BC721A67BEAA0038CCEE /* video_thumbnail.PNG in Resources */,
				2B76BC5C1A67BA760038CCEE /* SLPlayerControllerPause.png in Resources */,
				2B76BC651A67BA760038CCEE /* SLPlayerProgressThumb@2x.png in Resources */,
				2B76BC501A67BA760038CCEE /* SLIconFacebook.png in Resources */,
				2B76BC511A67BA760038CCEE /* SLIconFacebook@2x.png in Resources */,
				2BC700A11A2CA85F0031D568 /* SDMreViewController.xib in Resources */,
				2B76BC6B1A67BA760038CCEE /* SLStarHalf@2x.png in Resources */,
				2B76BC591A67BA760038CCEE /* SLIconSms@2x.png in Resources */,
				2B7706841A14EBA500EE7DF4 /* LaunchScreen.xib in Resources */,
				2B77069D1A14EBF200EE7DF4 /* SDMainViewController.xib in Resources */,
				2B76BC531A67BA760038CCEE /* SLIconLocation@2x.png in Resources */,
				2B76BC4E1A67BA760038CCEE /* SLIconExpand.png in Resources */,
				2B76BC571A67BA760038CCEE /* SLIconShrink@2x.png in Resources */,
				2B76BC641A67BA760038CCEE /* SLPlayerProgressThumb.png in Resources */,
				2B76BC4D1A67BA760038CCEE /* SLIconClose@2x.png in Resources */,
				2BC7009C1A2CA82B0031D568 /* SDResizeForBannerViewController.xib in Resources */,
				2B76BC431A67BA760038CCEE /* LICENSE in Resources */,
				2B76BC691A67BA760038CCEE /* SLStarFull@2x.png in Resources */,
				2B76BC491A67BA760038CCEE /* README.txt in Resources */,
				2B76BC471A67BA760038CCEE /* MRAID.bundle in Resources */,
				2B76BC681A67BA760038CCEE /* SLStarFull.png in Resources */,
				2B76BC451A67BA760038CCEE /* MPCloseButtonX.png in Resources */,
				2BD8D7CE1A2C9E5700B559C3 /* SDTableViewController.xib in Resources */,
				2B76BC611A67BA760038CCEE /* SLPlayerControllerVolumeOn@2x.png in Resources */,
				2B76BC621A67BA760038CCEE /* SLPlayerFullscreenToggle.png in Resources */,
				2B7707001A15176900EE7DF4 /* SDFloatingViewController.xib in Resources */,
				2B76BC461A67BA760038CCEE /* MPCloseButtonX@2x.png in Resources */,
				2B76BC4C1A67BA760038CCEE /* SLIconClose.png in Resources */,
				2B76BC551A67BA760038CCEE /* SLIconMail@2x.png in Resources */,
				2B76BC541A67BA760038CCEE /* SLIconMail.png in Resources */,
				2B76BC4A1A67BA760038CCEE /* SLButtonPattern.png in Resources */,
				2B76BC5D1A67BA760038CCEE /* SLPlayerControllerPause@2x.png in Resources */,
				2B840D211A2C7FAE00D4ECF4 /* SDBannerViewController.xib in Resources */,
				2B76BC6A1A67BA760038CCEE /* SLStarHalf.png in Resources */,
				2B76BC561A67BA760038CCEE /* SLIconShrink.png in Resources */,
				2B7706FB1A14FB6800EE7DF4 /* SDFeedViewController.xib in Resources */,
				2B76BC441A67BA760038CCEE /* MPAdBrowserController.nib in Resources */,
				2B76BC5B1A67BA760038CCEE /* SLIconTwitter@2x.png in Resources */,
				2B76BC601A67BA760038CCEE /* SLPlayerControllerVolumeOn.png in Resources */,
				2B7706811A14EBA500EE7DF4 /* Images.xcassets in Resources */,
			);
			runOnlyForDeploymentPostprocessing = 0;
		};
		2B7706871A14EBA500EE7DF4 /* Resources */ = {
			isa = PBXResourcesBuildPhase;
			buildActionMask = 2147483647;
			files = (
			);
			runOnlyForDeploymentPostprocessing = 0;
		};
/* End PBXResourcesBuildPhase section */

/* Begin PBXShellScriptBuildPhase section */
		0950138FA0AF7CF517734FD8 /* Check Pods Manifest.lock */ = {
			isa = PBXShellScriptBuildPhase;
			buildActionMask = 2147483647;
			files = (
			);
			inputPaths = (
			);
			name = "Check Pods Manifest.lock";
			outputPaths = (
			);
			runOnlyForDeploymentPostprocessing = 0;
			shellPath = /bin/sh;
			shellScript = "diff \"${PODS_ROOT}/../Podfile.lock\" \"${PODS_ROOT}/Manifest.lock\" > /dev/null\nif [[ $? != 0 ]] ; then\n    cat << EOM\nerror: The sandbox is not in sync with the Podfile.lock. Run 'pod install' or update your CocoaPods installation.\nEOM\n    exit 1\nfi\n";
			showEnvVarsInLog = 0;
		};
		B3948D9636564481554233F1 /* Copy Pods Resources */ = {
			isa = PBXShellScriptBuildPhase;
			buildActionMask = 2147483647;
			files = (
			);
			inputPaths = (
			);
			name = "Copy Pods Resources";
			outputPaths = (
			);
			runOnlyForDeploymentPostprocessing = 0;
			shellPath = /bin/sh;
			shellScript = "\"${SRCROOT}/Pods/Target Support Files/Pods/Pods-resources.sh\"\n";
			showEnvVarsInLog = 0;
		};
/* End PBXShellScriptBuildPhase section */

/* Begin PBXSourcesBuildPhase section */
		2B77066C1A14EBA500EE7DF4 /* Sources */ = {
			isa = PBXSourcesBuildPhase;
			buildActionMask = 2147483647;
			files = (
				2B5F223E1A2DC29300FD3A12 /* SDBannerAutoLayoutViewController.m in Sources */,
				2BC700A01A2CA85F0031D568 /* SDMreViewController.m in Sources */,
				2BC7009B1A2CA82B0031D568 /* SDResizeForBannerViewController.m in Sources */,
				2B77069C1A14EBF200EE7DF4 /* SDMainViewController.m in Sources */,
				2B7706FF1A15176900EE7DF4 /* SDFloatingViewController.m in Sources */,
				2B7706791A14EBA500EE7DF4 /* AppDelegate.m in Sources */,
				2B7706FA1A14FB6800EE7DF4 /* SDFeedViewController.m in Sources */,
				2B76BC761A67BF060038CCEE /* SDVideoViewController.m in Sources */,
				2B840D1B1A2C72B900D4ECF4 /* SDTableViewController.m in Sources */,
				2B7706761A14EBA500EE7DF4 /* main.m in Sources */,
				2B76BC481A67BA760038CCEE /* README.md in Sources */,
				2B840D201A2C7FAE00D4ECF4 /* SDBannerViewController.m in Sources */,
			);
			runOnlyForDeploymentPostprocessing = 0;
		};
		2B7706851A14EBA500EE7DF4 /* Sources */ = {
			isa = PBXSourcesBuildPhase;
			buildActionMask = 2147483647;
			files = (
				2B7706901A14EBA500EE7DF4 /* SeamlessDemoTests.m in Sources */,
			);
			runOnlyForDeploymentPostprocessing = 0;
		};
/* End PBXSourcesBuildPhase section */

/* Begin PBXTargetDependency section */
		2B77068B1A14EBA500EE7DF4 /* PBXTargetDependency */ = {
			isa = PBXTargetDependency;
			target = 2B77066F1A14EBA500EE7DF4 /* SeamlessDemo */;
			targetProxy = 2B77068A1A14EBA500EE7DF4 /* PBXContainerItemProxy */;
		};
/* End PBXTargetDependency section */

/* Begin PBXVariantGroup section */
		2B7706821A14EBA500EE7DF4 /* LaunchScreen.xib */ = {
			isa = PBXVariantGroup;
			children = (
				2B7706831A14EBA500EE7DF4 /* Base */,
			);
			name = LaunchScreen.xib;
			sourceTree = "<group>";
		};
/* End PBXVariantGroup section */

/* Begin XCBuildConfiguration section */
		2B7706911A14EBA500EE7DF4 /* Debug */ = {
			isa = XCBuildConfiguration;
			buildSettings = {
				ALWAYS_SEARCH_USER_PATHS = NO;
				CLANG_CXX_LANGUAGE_STANDARD = "gnu++0x";
				CLANG_CXX_LIBRARY = "libc++";
				CLANG_ENABLE_MODULES = YES;
				CLANG_ENABLE_OBJC_ARC = YES;
				CLANG_WARN_BOOL_CONVERSION = YES;
				CLANG_WARN_CONSTANT_CONVERSION = YES;
				CLANG_WARN_DIRECT_OBJC_ISA_USAGE = YES_ERROR;
				CLANG_WARN_EMPTY_BODY = YES;
				CLANG_WARN_ENUM_CONVERSION = YES;
				CLANG_WARN_INT_CONVERSION = YES;
				CLANG_WARN_OBJC_ROOT_CLASS = YES_ERROR;
				CLANG_WARN_UNREACHABLE_CODE = YES;
				CLANG_WARN__DUPLICATE_METHOD_MATCH = YES;
				"CODE_SIGN_IDENTITY[sdk=iphoneos*]" = "iPhone Developer";
				COPY_PHASE_STRIP = NO;
				ENABLE_STRICT_OBJC_MSGSEND = YES;
				GCC_C_LANGUAGE_STANDARD = gnu99;
				GCC_DYNAMIC_NO_PIC = NO;
				GCC_OPTIMIZATION_LEVEL = 0;
				GCC_PREPROCESSOR_DEFINITIONS = (
					"DEBUG=1",
					"$(inherited)",
				);
				GCC_SYMBOLS_PRIVATE_EXTERN = NO;
				GCC_WARN_64_TO_32_BIT_CONVERSION = YES;
				GCC_WARN_ABOUT_RETURN_TYPE = YES_ERROR;
				GCC_WARN_UNDECLARED_SELECTOR = YES;
				GCC_WARN_UNINITIALIZED_AUTOS = YES_AGGRESSIVE;
				GCC_WARN_UNUSED_FUNCTION = YES;
				GCC_WARN_UNUSED_VARIABLE = YES;
				IPHONEOS_DEPLOYMENT_TARGET = 7.1;
				MTL_ENABLE_DEBUG_INFO = YES;
				ONLY_ACTIVE_ARCH = YES;
				SDKROOT = iphoneos;
				VALID_ARCHS = "armv7 armv7s arm64";
			};
			name = Debug;
		};
		2B7706921A14EBA500EE7DF4 /* Release */ = {
			isa = XCBuildConfiguration;
			buildSettings = {
				ALWAYS_SEARCH_USER_PATHS = NO;
				CLANG_CXX_LANGUAGE_STANDARD = "gnu++0x";
				CLANG_CXX_LIBRARY = "libc++";
				CLANG_ENABLE_MODULES = YES;
				CLANG_ENABLE_OBJC_ARC = YES;
				CLANG_WARN_BOOL_CONVERSION = YES;
				CLANG_WARN_CONSTANT_CONVERSION = YES;
				CLANG_WARN_DIRECT_OBJC_ISA_USAGE = YES_ERROR;
				CLANG_WARN_EMPTY_BODY = YES;
				CLANG_WARN_ENUM_CONVERSION = YES;
				CLANG_WARN_INT_CONVERSION = YES;
				CLANG_WARN_OBJC_ROOT_CLASS = YES_ERROR;
				CLANG_WARN_UNREACHABLE_CODE = YES;
				CLANG_WARN__DUPLICATE_METHOD_MATCH = YES;
				"CODE_SIGN_IDENTITY[sdk=iphoneos*]" = "iPhone Developer";
				COPY_PHASE_STRIP = YES;
				ENABLE_NS_ASSERTIONS = NO;
				ENABLE_STRICT_OBJC_MSGSEND = YES;
				GCC_C_LANGUAGE_STANDARD = gnu99;
				GCC_WARN_64_TO_32_BIT_CONVERSION = YES;
				GCC_WARN_ABOUT_RETURN_TYPE = YES_ERROR;
				GCC_WARN_UNDECLARED_SELECTOR = YES;
				GCC_WARN_UNINITIALIZED_AUTOS = YES_AGGRESSIVE;
				GCC_WARN_UNUSED_FUNCTION = YES;
				GCC_WARN_UNUSED_VARIABLE = YES;
				IPHONEOS_DEPLOYMENT_TARGET = 7.1;
				MTL_ENABLE_DEBUG_INFO = NO;
				ONLY_ACTIVE_ARCH = NO;
				SDKROOT = iphoneos;
				VALIDATE_PRODUCT = YES;
				VALID_ARCHS = "armv7 armv7s arm64";
			};
			name = Release;
		};
		2B7706941A14EBA500EE7DF4 /* Debug */ = {
			isa = XCBuildConfiguration;
			baseConfigurationReference = BBC5CDC8536CF4800AF66F0F /* Pods.debug.xcconfig */;
			buildSettings = {
				ASSETCATALOG_COMPILER_APPICON_NAME = AppIcon;
				CODE_SIGN_IDENTITY = "iPhone Developer: Mehmet Can Yavuz (546UBYYKV5)";
				"CODE_SIGN_IDENTITY[sdk=iphoneos*]" = "iPhone Developer: Mehmet Can Yavuz (546UBYYKV5)";
				CODE_SIGN_RESOURCE_RULES_PATH = "$(SDKROOT)/ResourceRules.plist";
				FRAMEWORK_SEARCH_PATHS = (
					"$(inherited)",
					"$(PROJECT_DIR)/Seamless.embeddedframework",
				);
				INFOPLIST_FILE = SeamlessDemo/Info.plist;
				IPHONEOS_DEPLOYMENT_TARGET = 7.1;
				LD_RUNPATH_SEARCH_PATHS = "$(inherited) @executable_path/Frameworks";
				OTHER_LDFLAGS = "$(inherited)";
				OTHER_LIBTOOLFLAGS = "$(inherited)";
				PRODUCT_NAME = "$(TARGET_NAME)";
				PROVISIONING_PROFILE = "4b0b26d8-c0cc-4993-866c-69e7063bd770";
				TARGETED_DEVICE_FAMILY = "1,2";
				VALID_ARCHS = "armv7 armv7s arm64";
			};
			name = Debug;
		};
		2B7706951A14EBA500EE7DF4 /* Release */ = {
			isa = XCBuildConfiguration;
			baseConfigurationReference = F4D30AFC88F801B2A00491C3 /* Pods.release.xcconfig */;
			buildSettings = {
				ASSETCATALOG_COMPILER_APPICON_NAME = AppIcon;
				CODE_SIGN_IDENTITY = "iPhone Developer: Mehmet Can Yavuz (546UBYYKV5)";
				"CODE_SIGN_IDENTITY[sdk=iphoneos*]" = "iPhone Developer: Mehmet Can Yavuz (546UBYYKV5)";
				CODE_SIGN_RESOURCE_RULES_PATH = "$(SDKROOT)/ResourceRules.plist";
				FRAMEWORK_SEARCH_PATHS = (
					"$(inherited)",
					"$(PROJECT_DIR)/Seamless.embeddedframework",
				);
				INFOPLIST_FILE = SeamlessDemo/Info.plist;
				IPHONEOS_DEPLOYMENT_TARGET = 7.1;
				LD_RUNPATH_SEARCH_PATHS = "$(inherited) @executable_path/Frameworks";
				OTHER_LDFLAGS = "$(inherited)";
				OTHER_LIBTOOLFLAGS = "$(inherited)";
				PRODUCT_NAME = "$(TARGET_NAME)";
				PROVISIONING_PROFILE = "4b0b26d8-c0cc-4993-866c-69e7063bd770";
				TARGETED_DEVICE_FAMILY = "1,2";
				VALID_ARCHS = "armv7 armv7s arm64";
			};
			name = Release;
		};
		2B7706971A14EBA500EE7DF4 /* Debug */ = {
			isa = XCBuildConfiguration;
			buildSettings = {
				BUNDLE_LOADER = "$(TEST_HOST)";
				FRAMEWORK_SEARCH_PATHS = (
					"$(SDKROOT)/Developer/Library/Frameworks",
					"$(inherited)",
				);
				GCC_PREPROCESSOR_DEFINITIONS = (
					"DEBUG=1",
					"$(inherited)",
				);
				INFOPLIST_FILE = SeamlessDemoTests/Info.plist;
				LD_RUNPATH_SEARCH_PATHS = "$(inherited) @executable_path/Frameworks @loader_path/Frameworks";
				PRODUCT_NAME = "$(TARGET_NAME)";
				TEST_HOST = "$(BUILT_PRODUCTS_DIR)/SeamlessDemo.app/SeamlessDemo";
			};
			name = Debug;
		};
		2B7706981A14EBA500EE7DF4 /* Release */ = {
			isa = XCBuildConfiguration;
			buildSettings = {
				BUNDLE_LOADER = "$(TEST_HOST)";
				FRAMEWORK_SEARCH_PATHS = (
					"$(SDKROOT)/Developer/Library/Frameworks",
					"$(inherited)",
				);
				INFOPLIST_FILE = SeamlessDemoTests/Info.plist;
				LD_RUNPATH_SEARCH_PATHS = "$(inherited) @executable_path/Frameworks @loader_path/Frameworks";
				PRODUCT_NAME = "$(TARGET_NAME)";
				TEST_HOST = "$(BUILT_PRODUCTS_DIR)/SeamlessDemo.app/SeamlessDemo";
			};
			name = Release;
		};
/* End XCBuildConfiguration section */

/* Begin XCConfigurationList section */
		2B77066B1A14EBA500EE7DF4 /* Build configuration list for PBXProject "SeamlessDemo" */ = {
			isa = XCConfigurationList;
			buildConfigurations = (
				2B7706911A14EBA500EE7DF4 /* Debug */,
				2B7706921A14EBA500EE7DF4 /* Release */,
			);
			defaultConfigurationIsVisible = 0;
			defaultConfigurationName = Release;
		};
		2B7706931A14EBA500EE7DF4 /* Build configuration list for PBXNativeTarget "SeamlessDemo" */ = {
			isa = XCConfigurationList;
			buildConfigurations = (
				2B7706941A14EBA500EE7DF4 /* Debug */,
				2B7706951A14EBA500EE7DF4 /* Release */,
			);
			defaultConfigurationIsVisible = 0;
			defaultConfigurationName = Release;
		};
		2B7706961A14EBA500EE7DF4 /* Build configuration list for PBXNativeTarget "SeamlessDemoTests" */ = {
			isa = XCConfigurationList;
			buildConfigurations = (
				2B7706971A14EBA500EE7DF4 /* Debug */,
				2B7706981A14EBA500EE7DF4 /* Release */,
			);
			defaultConfigurationIsVisible = 0;
			defaultConfigurationName = Release;
		};
/* End XCConfigurationList section */
	};
	rootObject = 2B7706681A14EBA500EE7DF4 /* Project object */;
}
